Microsoft Visual Studio Solution File, Format Version 12.00
# Visual Studio Version 16
VisualStudioVersion = 16.0.31727.386
MinimumVisualStudioVersion = 10.0.40219.1
Project("{8BC9CEB8-8B4A-11D0-8D11-00A0C91BC942}") = "DK_Browser", "DK_Browser_VS2019.vcxproj", "{198C6B2A-4DB9-4459-B5AA-96335EB874CB}"
EndProject
Global
	GlobalSection(SolutionConfigurationPlatforms) = preSolution
		Debug|Win32 = Debug|Win32
		Release|Win32 = Release|Win32
	EndGlobalSection
	GlobalSection(ProjectConfigurationPlatforms) = postSolution
		{198C6B2A-4DB9-4459-B5AA-96335EB874CB}.Debug|Win32.ActiveCfg = Debug|Win32
		{198C6B2A-4DB9-4459-B5AA-96335EB874CB}.Debug|Win32.Build.0 = Debug|Win32
		{198C6B2A-4DB9-4459-B5AA-96335EB874CB}.Release|Win32.ActiveCfg = Release|Win32
		{198C6B2A-4DB9-4459-B5AA-96335EB874CB}.Release|Win32.Build.0 = Release|Win32
	EndGlobalSection
	GlobalSection(SolutionProperties) = preSolution
		HideSolutionNode = FALSE
	EndGlobalSection
	GlobalSection(ExtensibilityGlobals) = postSolution
		SolutionGuid = {8C6D845C-3792-498E-A520-330F6FE668DC}
	EndGlobalSection
EndGlobal
